
Microsoft Visual Studio Solution File, Format Version 12.00
# Visual Studio Version 17
VisualStudioVersion = 17.0.31612.314
MinimumVisualStudioVersion = 10.0.40219.1
Project("{FAE04EC0-301F-11D3-BF4B-00C04F79EFBC}") = "Arrayexample", "Arrayexample\Arrayexample.csproj", "{EEF4FBE1-DC37-4FF3-97BE-8A91A8B5A53D}"
EndProject
Global
	GlobalSection(SolutionConfigurationPlatforms) = preSolution
		Debug|Any CPU = Debug|Any CPU
		Release|Any CPU = Release|Any CPU
	EndGlobalSection
	GlobalSection(ProjectConfigurationPlatforms) = postSolution
		{EEF4FBE1-DC37-4FF3-97BE-8A91A8B5A53D}.Debug|Any CPU.ActiveCfg = Debug|Any CPU
		{EEF4FBE1-DC37-4FF3-97BE-8A91A8B5A53D}.Debug|Any CPU.Build.0 = Debug|Any CPU
		{EEF4FBE1-DC37-4FF3-97BE-8A91A8B5A53D}.Release|Any CPU.ActiveCfg = Release|Any CPU
		{EEF4FBE1-DC37-4FF3-97BE-8A91A8B5A53D}.Release|Any CPU.Build.0 = Release|Any CPU
	EndGlobalSection
	GlobalSection(SolutionProperties) = preSolution
		HideSolutionNode = FALSE
	EndGlobalSection
	GlobalSection(ExtensibilityGlobals) = postSolution
		SolutionGuid = {B1252D38-6732-4AD3-8E20-EBEBC4A07636}
	EndGlobalSection
EndGlobal
